
Microsoft Visual Studio Solution File, Format Version 12.00
# Visual Studio Version 17
VisualStudioVersion = 17.5.33424.131
MinimumVisualStudioVersion = 10.0.40219.1
Project("{FAE04EC0-301F-11D3-BF4B-00C04F79EFBC}") = "ProblemSolving", "ProblemSolving\ProblemSolving.csproj", "{92F55074-93F5-49CD-A738-F899A6A07571}"
EndProject
Global
	GlobalSection(SolutionConfigurationPlatforms) = preSolution
		Debug|Any CPU = Debug|Any CPU
		Release|Any CPU = Release|Any CPU
	EndGlobalSection
	GlobalSection(ProjectConfigurationPlatforms) = postSolution
		{92F55074-93F5-49CD-A738-F899A6A07571}.Debug|Any CPU.ActiveCfg = Debug|Any CPU
		{92F55074-93F5-49CD-A738-F899A6A07571}.Debug|Any CPU.Build.0 = Debug|Any CPU
		{92F55074-93F5-49CD-A738-F899A6A07571}.Release|Any CPU.ActiveCfg = Release|Any CPU
		{92F55074-93F5-49CD-A738-F899A6A07571}.Release|Any CPU.Build.0 = Release|Any CPU
	EndGlobalSection
	GlobalSection(SolutionProperties) = preSolution
		HideSolutionNode = FALSE
	EndGlobalSection
	GlobalSection(ExtensibilityGlobals) = postSolution
		SolutionGuid = {85B49F5A-BE61-4A82-9584-EDD6D71D3911}
	EndGlobalSection
EndGlobal
